// !$*UTF8*$!
{
	archiveVersion = 1;
	classes = {
	};
	objectVersion = 46;
	objects = {

/* Begin PBXBuildFile section */
		498661931CD1710700C213D4 /* main.m in Sources */ = {isa = PBXBuildFile; fileRef = 498661921CD1710700C213D4 /* main.m */; };
		498661961CD1710700C213D4 /* AppDelegate.m in Sources */ = {isa = PBXBuildFile; fileRef = 498661951CD1710700C213D4 /* AppDelegate.m */; };
		498661991CD1710700C213D4 /* ViewController.m in Sources */ = {isa = PBXBuildFile; fileRef = 498661981CD1710700C213D4 /* ViewController.m */; };
		4986619C1CD1710700C213D4 /* Main.storyboard in Resources */ = {isa = PBXBuildFile; fileRef = 4986619A1CD1710700C213D4 /* Main.storyboard */; };
		4986619E1CD1710700C213D4 /* Assets.xcassets in Resources */ = {isa = PBXBuildFile; fileRef = 4986619D1CD1710700C213D4 /* Assets.xcassets */; };
		498661A11CD1710700C213D4 /* LaunchScreen.storyboard in Resources */ = {isa = PBXBuildFile; fileRef = 4986619F1CD1710700C213D4 /* LaunchScreen.storyboard */; };
		498661AC1CD1710700C213D4 /* LogarunTests.m in Sources */ = {isa = PBXBuildFile; fileRef = 498661AB1CD1710700C213D4 /* LogarunTests.m */; };
		498661B71CD1710700C213D4 /* LogarunUITests.m in Sources */ = {isa = PBXBuildFile; fileRef = 498661B61CD1710700C213D4 /* LogarunUITests.m */; };
		498661BC1CD1710700C213D4 /* Logarun WatchKit App.app in Embed Watch Content */ = {isa = PBXBuildFile; fileRef = 498661BB1CD1710700C213D4 /* Logarun WatchKit App.app */; };
		498661C21CD1710700C213D4 /* Interface.storyboard in Resources */ = {isa = PBXBuildFile; fileRef = 498661C01CD1710700C213D4 /* Interface.storyboard */; };
		498661C41CD1710700C213D4 /* Assets.xcassets in Resources */ = {isa = PBXBuildFile; fileRef = 498661C31CD1710700C213D4 /* Assets.xcassets */; };
		498661CB1CD1710700C213D4 /* Logarun WatchKit Extension.appex in Embed App Extensions */ = {isa = PBXBuildFile; fileRef = 498661CA1CD1710700C213D4 /* Logarun WatchKit Extension.appex */; settings = {ATTRIBUTES = (RemoveHeadersOnCopy, ); }; };
		498661D31CD1710700C213D4 /* InterfaceController.m in Sources */ = {isa = PBXBuildFile; fileRef = 498661D21CD1710700C213D4 /* InterfaceController.m */; };
		498661D61CD1710700C213D4 /* ExtensionDelegate.m in Sources */ = {isa = PBXBuildFile; fileRef = 498661D51CD1710700C213D4 /* ExtensionDelegate.m */; };
		498661D91CD1710700C213D4 /* NotificationController.m in Sources */ = {isa = PBXBuildFile; fileRef = 498661D81CD1710700C213D4 /* NotificationController.m */; };
		498661DC1CD1710700C213D4 /* GlanceController.m in Sources */ = {isa = PBXBuildFile; fileRef = 498661DB1CD1710700C213D4 /* GlanceController.m */; };
		498661DF1CD1710700C213D4 /* ComplicationController.m in Sources */ = {isa = PBXBuildFile; fileRef = 498661DE1CD1710700C213D4 /* ComplicationController.m */; };
		498661E11CD1710700C213D4 /* Assets.xcassets in Resources */ = {isa = PBXBuildFile; fileRef = 498661E01CD1710700C213D4 /* Assets.xcassets */; };
/* End PBXBuildFile section */

/* Begin PBXContainerItemProxy section */
		498661A81CD1710700C213D4 /* PBXContainerItemProxy */ = {
			isa = PBXContainerItemProxy;
			containerPortal = 498661861CD1710700C213D4 /* Project object */;
			proxyType = 1;
			remoteGlobalIDString = 4986618D1CD1710700C213D4;
			remoteInfo = Logarun;
		};
		498661B31CD1710700C213D4 /* PBXContainerItemProxy */ = {
			isa = PBXContainerItemProxy;
			containerPortal = 498661861CD1710700C213D4 /* Project object */;
			proxyType = 1;
			remoteGlobalIDString = 4986618D1CD1710700C213D4;
			remoteInfo = Logarun;
		};
		498661BD1CD1710700C213D4 /* PBXContainerItemProxy */ = {
			isa = PBXContainerItemProxy;
			containerPortal = 498661861CD1710700C213D4 /* Project object */;
			proxyType = 1;
			remoteGlobalIDString = 498661BA1CD1710700C213D4;
			remoteInfo = "Logarun WatchKit App";
		};
		498661CC1CD1710700C213D4 /* PBXContainerItemProxy */ = {
			isa = PBXContainerItemProxy;
			containerPortal = 498661861CD1710700C213D4 /* Project object */;
			proxyType = 1;
			remoteGlobalIDString = 498661C91CD1710700C213D4;
			remoteInfo = "Logarun WatchKit Extension";
		};
/* End PBXContainerItemProxy section */

/* Begin PBXCopyFilesBuildPhase section */
		498661E81CD1710700C213D4 /* Embed App Extensions */ = {
			isa = PBXCopyFilesBuildPhase;
			buildActionMask = 2147483647;
			dstPath = "";
			dstSubfolderSpec = 13;
			files = (
				498661CB1CD1710700C213D4 /* Logarun WatchKit Extension.appex in Embed App Extensions */,
			);
			name = "Embed App Extensions";
			runOnlyForDeploymentPostprocessing = 0;
		};
		498661EC1CD1710700C213D4 /* Embed Watch Content */ = {
			isa = PBXCopyFilesBuildPhase;
			buildActionMask = 2147483647;
			dstPath = "$(CONTENTS_FOLDER_PATH)/Watch";
			dstSubfolderSpec = 16;
			files = (
				498661BC1CD1710700C213D4 /* Logarun WatchKit App.app in Embed Watch Content */,
			);
			name = "Embed Watch Content";
			runOnlyForDeploymentPostprocessing = 0;
		};
/* End PBXCopyFilesBuildPhase section */

/* Begin PBXFileReference section */
		4986618E1CD1710700C213D4 /* Logarun.app */ = {isa = PBXFileReference; explicitFileType = wrapper.application; includeInIndex = 0; path = Logarun.app; sourceTree = BUILT_PRODUCTS_DIR; };
		498661921CD1710700C213D4 /* main.m */ = {isa = PBXFileReference; lastKnownFileType = sourcecode.c.objc; path = main.m; sourceTree = "<group>"; };
		498661941CD1710700C213D4 /* AppDelegate.h */ = {isa = PBXFileReference; lastKnownFileType = sourcecode.c.h; path = AppDelegate.h; sourceTree = "<group>"; };
		498661951CD1710700C213D4 /* AppDelegate.m */ = {isa = PBXFileReference; lastKnownFileType = sourcecode.c.objc; path = AppDelegate.m; sourceTree = "<group>"; };
		498661971CD1710700C213D4 /* ViewController.h */ = {isa = PBXFileReference; lastKnownFileType = sourcecode.c.h; path = ViewController.h; sourceTree = "<group>"; };
		498661981CD1710700C213D4 /* ViewController.m */ = {isa = PBXFileReference; lastKnownFileType = sourcecode.c.objc; path = ViewController.m; sourceTree = "<group>"; };
		4986619B1CD1710700C213D4 /* Base */ = {isa = PBXFileReference; lastKnownFileType = file.storyboard; name = Base; path = Base.lproj/Main.storyboard; sourceTree = "<group>"; };
		4986619D1CD1710700C213D4 /* Assets.xcassets */ = {isa = PBXFileReference; lastKnownFileType = folder.assetcatalog; path = Assets.xcassets; sourceTree = "<group>"; };
		498661A01CD1710700C213D4 /* Base */ = {isa = PBXFileReference; lastKnownFileType = file.storyboard; name = Base; path = Base.lproj/LaunchScreen.storyboard; sourceTree = "<group>"; };
		498661A21CD1710700C213D4 /* Info.plist */ = {isa = PBXFileReference; lastKnownFileType = text.plist.xml; path = Info.plist; sourceTree = "<group>"; };
		498661A71CD1710700C213D4 /* LogarunTests.xctest */ = {isa = PBXFileReference; explicitFileType = wrapper.cfbundle; includeInIndex = 0; path = LogarunTests.xctest; sourceTree = BUILT_PRODUCTS_DIR; };
		498661AB1CD1710700C213D4 /* LogarunTests.m */ = {isa = PBXFileReference; lastKnownFileType = sourcecode.c.objc; path = LogarunTests.m; sourceTree = "<group>"; };
		498661AD1CD1710700C213D4 /* Info.plist */ = {isa = PBXFileReference; lastKnownFileType = text.plist.xml; path = Info.plist; sourceTree = "<group>"; };
		498661B21CD1710700C213D4 /* LogarunUITests.xctest */ = {isa = PBXFileReference; explicitFileType = wrapper.cfbundle; includeInIndex = 0; path = LogarunUITests.xctest; sourceTree = BUILT_PRODUCTS_DIR; };
		498661B61CD1710700C213D4 /* LogarunUITests.m */ = {isa = PBXFileReference; lastKnownFileType = sourcecode.c.objc; path = LogarunUITests.m; sourceTree = "<group>"; };
		498661B81CD1710700C213D4 /* Info.plist */ = {isa = PBXFileReference; lastKnownFileType = text.plist.xml; path = Info.plist; sourceTree = "<group>"; };
		498661BB1CD1710700C213D4 /* Logarun WatchKit App.app */ = {isa = PBXFileReference; explicitFileType = wrapper.application; includeInIndex = 0; path = "Logarun WatchKit App.app"; sourceTree = BUILT_PRODUCTS_DIR; };
		498661C11CD1710700C213D4 /* Base */ = {isa = PBXFileReference; lastKnownFileType = file.storyboard; name = Base; path = Base.lproj/Interface.storyboard; sourceTree = "<group>"; };
		498661C31CD1710700C213D4 /* Assets.xcassets */ = {isa = PBXFileReference; lastKnownFileType = folder.assetcatalog; path = Assets.xcassets; sourceTree = "<group>"; };
		498661C51CD1710700C213D4 /* Info.plist */ = {isa = PBXFileReference; lastKnownFileType = text.plist.xml; path = Info.plist; sourceTree = "<group>"; };
		498661CA1CD1710700C213D4 /* Logarun WatchKit Extension.appex */ = {isa = PBXFileReference; explicitFileType = "wrapper.app-extension"; includeInIndex = 0; path = "Logarun WatchKit Extension.appex"; sourceTree = BUILT_PRODUCTS_DIR; };
		498661D01CD1710700C213D4 /* PushNotificationPayload.apns */ = {isa = PBXFileReference; lastKnownFileType = text; path = PushNotificationPayload.apns; sourceTree = "<group>"; };
		498661D11CD1710700C213D4 /* InterfaceController.h */ = {isa = PBXFileReference; lastKnownFileType = sourcecode.c.h; path = InterfaceController.h; sourceTree = "<group>"; };
		498661D21CD1710700C213D4 /* InterfaceController.m */ = {isa = PBXFileReference; lastKnownFileType = sourcecode.c.objc; path = InterfaceController.m; sourceTree = "<group>"; };
		498661D41CD1710700C213D4 /* ExtensionDelegate.h */ = {isa = PBXFileReference; lastKnownFileType = sourcecode.c.h; path = ExtensionDelegate.h; sourceTree = "<group>"; };
		498661D51CD1710700C213D4 /* ExtensionDelegate.m */ = {isa = PBXFileReference; lastKnownFileType = sourcecode.c.objc; path = ExtensionDelegate.m; sourceTree = "<group>"; };
		498661D71CD1710700C213D4 /* NotificationController.h */ = {isa = PBXFileReference; lastKnownFileType = sourcecode.c.h; path = NotificationController.h; sourceTree = "<group>"; };
		498661D81CD1710700C213D4 /* NotificationController.m */ = {isa = PBXFileReference; lastKnownFileType = sourcecode.c.objc; path = NotificationController.m; sourceTree = "<group>"; };
		498661DA1CD1710700C213D4 /* GlanceController.h */ = {isa = PBXFileReference; lastKnownFileType = sourcecode.c.h; path = GlanceController.h; sourceTree = "<group>"; };
		498661DB1CD1710700C213D4 /* GlanceController.m */ = {isa = PBXFileReference; lastKnownFileType = sourcecode.c.objc; path = GlanceController.m; sourceTree = "<group>"; };
		498661DD1CD1710700C213D4 /* ComplicationController.h */ = {isa = PBXFileReference; lastKnownFileType = sourcecode.c.h; path = ComplicationController.h; sourceTree = "<group>"; };
		498661DE1CD1710700C213D4 /* ComplicationController.m */ = {isa = PBXFileReference; lastKnownFileType = sourcecode.c.objc; path = ComplicationController.m; sourceTree = "<group>"; };
		498661E01CD1710700C213D4 /* Assets.xcassets */ = {isa = PBXFileReference; lastKnownFileType = folder.assetcatalog; path = Assets.xcassets; sourceTree = "<group>"; };
		498661E21CD1710700C213D4 /* Info.plist */ = {isa = PBXFileReference; lastKnownFileType = text.plist.xml; path = Info.plist; sourceTree = "<group>"; };
/* End PBXFileReference section */

/* Begin PBXFrameworksBuildPhase section */
		4986618B1CD1710700C213D4 /* Frameworks */ = {
			isa = PBXFrameworksBuildPhase;
			buildActionMask = 2147483647;
			files = (
			);
			runOnlyForDeploymentPostprocessing = 0;
		};
		498661A41CD1710700C213D4 /* Frameworks */ = {
			isa = PBXFrameworksBuildPhase;
			buildActionMask = 2147483647;
			files = (
			);
			runOnlyForDeploymentPostprocessing = 0;
		};
		498661AF1CD1710700C213D4 /* Frameworks */ = {
			isa = PBXFrameworksBuildPhase;
			buildActionMask = 2147483647;
			files = (
			);
			runOnlyForDeploymentPostprocessing = 0;
		};
		498661C71CD1710700C213D4 /* Frameworks */ = {
			isa = PBXFrameworksBuildPhase;
			buildActionMask = 2147483647;
			files = (
			);
			runOnlyForDeploymentPostprocessing = 0;
		};
/* End PBXFrameworksBuildPhase section */

/* Begin PBXGroup section */
		498661851CD1710700C213D4 = {
			isa = PBXGroup;
			children = (
				498661901CD1710700C213D4 /* Logarun */,
				498661AA1CD1710700C213D4 /* LogarunTests */,
				498661B51CD1710700C213D4 /* LogarunUITests */,
				498661BF1CD1710700C213D4 /* Logarun WatchKit App */,
				498661CE1CD1710700C213D4 /* Logarun WatchKit Extension */,
				4986618F1CD1710700C213D4 /* Products */,
			);
			sourceTree = "<group>";
		};
		4986618F1CD1710700C213D4 /* Products */ = {
			isa = PBXGroup;
			children = (
				4986618E1CD1710700C213D4 /* Logarun.app */,
				498661A71CD1710700C213D4 /* LogarunTests.xctest */,
				498661B21CD1710700C213D4 /* LogarunUITests.xctest */,
				498661BB1CD1710700C213D4 /* Logarun WatchKit App.app */,
				498661CA1CD1710700C213D4 /* Logarun WatchKit Extension.appex */,
			);
			name = Products;
			sourceTree = "<group>";
		};
		498661901CD1710700C213D4 /* Logarun */ = {
			isa = PBXGroup;
			children = (
				498661941CD1710700C213D4 /* AppDelegate.h */,
				498661951CD1710700C213D4 /* AppDelegate.m */,
				498661971CD1710700C213D4 /* ViewController.h */,
				498661981CD1710700C213D4 /* ViewController.m */,
				4986619A1CD1710700C213D4 /* Main.storyboard */,
				4986619D1CD1710700C213D4 /* Assets.xcassets */,
				4986619F1CD1710700C213D4 /* LaunchScreen.storyboard */,
				498661A21CD1710700C213D4 /* Info.plist */,
				498661911CD1710700C213D4 /* Supporting Files */,
			);
			path = Logarun;
			sourceTree = "<group>";
		};
		498661911CD1710700C213D4 /* Supporting Files */ = {
			isa = PBXGroup;
			children = (
				498661921CD1710700C213D4 /* main.m */,
			);
			name = "Supporting Files";
			sourceTree = "<group>";
		};
		498661AA1CD1710700C213D4 /* LogarunTests */ = {
			isa = PBXGroup;
			children = (
				498661AB1CD1710700C213D4 /* LogarunTests.m */,
				498661AD1CD1710700C213D4 /* Info.plist */,
			);
			path = LogarunTests;
			sourceTree = "<group>";
		};
		498661B51CD1710700C213D4 /* LogarunUITests */ = {
			isa = PBXGroup;
			children = (
				498661B61CD1710700C213D4 /* LogarunUITests.m */,
				498661B81CD1710700C213D4 /* Info.plist */,
			);
			path = LogarunUITests;
			sourceTree = "<group>";
		};
		498661BF1CD1710700C213D4 /* Logarun WatchKit App */ = {
			isa = PBXGroup;
			children = (
				498661C01CD1710700C213D4 /* Interface.storyboard */,
				498661C31CD1710700C213D4 /* Assets.xcassets */,
				498661C51CD1710700C213D4 /* Info.plist */,
			);
			path = "Logarun WatchKit App";
			sourceTree = "<group>";
		};
		498661CE1CD1710700C213D4 /* Logarun WatchKit Extension */ = {
			isa = PBXGroup;
			children = (
				498661D11CD1710700C213D4 /* InterfaceController.h */,
				498661D21CD1710700C213D4 /* InterfaceController.m */,
				498661D41CD1710700C213D4 /* ExtensionDelegate.h */,
				498661D51CD1710700C213D4 /* ExtensionDelegate.m */,
				498661D71CD1710700C213D4 /* NotificationController.h */,
				498661D81CD1710700C213D4 /* NotificationController.m */,
				498661DA1CD1710700C213D4 /* GlanceController.h */,
				498661DB1CD1710700C213D4 /* GlanceController.m */,
				498661DD1CD1710700C213D4 /* ComplicationController.h */,
				498661DE1CD1710700C213D4 /* ComplicationController.m */,
				498661E01CD1710700C213D4 /* Assets.xcassets */,
				498661E21CD1710700C213D4 /* Info.plist */,
				498661CF1CD1710700C213D4 /* Supporting Files */,
			);
			path = "Logarun WatchKit Extension";
			sourceTree = "<group>";
		};
		498661CF1CD1710700C213D4 /* Supporting Files */ = {
			isa = PBXGroup;
			children = (
				498661D01CD1710700C213D4 /* PushNotificationPayload.apns */,
			);
			name = "Supporting Files";
			sourceTree = "<group>";
		};
/* End PBXGroup section */

/* Begin PBXNativeTarget section */
		4986618D1CD1710700C213D4 /* Logarun */ = {
			isa = PBXNativeTarget;
			buildConfigurationList = 498661ED1CD1710700C213D4 /* Build configuration list for PBXNativeTarget "Logarun" */;
			buildPhases = (
				4986618A1CD1710700C213D4 /* Sources */,
				4986618B1CD1710700C213D4 /* Frameworks */,
				4986618C1CD1710700C213D4 /* Resources */,
				498661EC1CD1710700C213D4 /* Embed Watch Content */,
			);
			buildRules = (
			);
			dependencies = (
				498661BE1CD1710700C213D4 /* PBXTargetDependency */,
			);
			name = Logarun;
			productName = Logarun;
			productReference = 4986618E1CD1710700C213D4 /* Logarun.app */;
			productType = "com.apple.product-type.application";
		};
		498661A61CD1710700C213D4 /* LogarunTests */ = {
			isa = PBXNativeTarget;
			buildConfigurationList = 498661F01CD1710700C213D4 /* Build configuration list for PBXNativeTarget "LogarunTests" */;
			buildPhases = (
				498661A31CD1710700C213D4 /* Sources */,
				498661A41CD1710700C213D4 /* Frameworks */,
				498661A51CD1710700C213D4 /* Resources */,
			);
			buildRules = (
			);
			dependencies = (
				498661A91CD1710700C213D4 /* PBXTargetDependency */,
			);
			name = LogarunTests;
			productName = LogarunTests;
			productReference = 498661A71CD1710700C213D4 /* LogarunTests.xctest */;
			productType = "com.apple.product-type.bundle.unit-test";
		};
		498661B11CD1710700C213D4 /* LogarunUITests */ = {
			isa = PBXNativeTarget;
			buildConfigurationList = 498661F31CD1710700C213D4 /* Build configuration list for PBXNativeTarget "LogarunUITests" */;
			buildPhases = (
				498661AE1CD1710700C213D4 /* Sources */,
				498661AF1CD1710700C213D4 /* Frameworks */,
				498661B01CD1710700C213D4 /* Resources */,
			);
			buildRules = (
			);
			dependencies = (
				498661B41CD1710700C213D4 /* PBXTargetDependency */,
			);
			name = LogarunUITests;
			productName = LogarunUITests;
			productReference = 498661B21CD1710700C213D4 /* LogarunUITests.xctest */;
			productType = "com.apple.product-type.bundle.ui-testing";
		};
		498661BA1CD1710700C213D4 /* Logarun WatchKit App */ = {
			isa = PBXNativeTarget;
			buildConfigurationList = 498661E91CD1710700C213D4 /* Build configuration list for PBXNativeTarget "Logarun WatchKit App" */;
			buildPhases = (
				498661B91CD1710700C213D4 /* Resources */,
				498661E81CD1710700C213D4 /* Embed App Extensions */,
			);
			buildRules = (
			);
			dependencies = (
				498661CD1CD1710700C213D4 /* PBXTargetDependency */,
			);
			name = "Logarun WatchKit App";
			productName = "Logarun WatchKit App";
			productReference = 498661BB1CD1710700C213D4 /* Logarun WatchKit App.app */;
			productType = "com.apple.product-type.application.watchapp2";
		};
		498661C91CD1710700C213D4 /* Logarun WatchKit Extension */ = {
			isa = PBXNativeTarget;
			buildConfigurationList = 498661E51CD1710700C213D4 /* Build configuration list for PBXNativeTarget "Logarun WatchKit Extension" */;
			buildPhases = (
				498661C61CD1710700C213D4 /* Sources */,
				498661C71CD1710700C213D4 /* Frameworks */,
				498661C81CD1710700C213D4 /* Resources */,
			);
			buildRules = (
			);
			dependencies = (
			);
			name = "Logarun WatchKit Extension";
			productName = "Logarun WatchKit Extension";
			productReference = 498661CA1CD1710700C213D4 /* Logarun WatchKit Extension.appex */;
			productType = "com.apple.product-type.watchkit2-extension";
		};
/* End PBXNativeTarget section */

/* Begin PBXProject section */
		498661861CD1710700C213D4 /* Project object */ = {
			isa = PBXProject;
			attributes = {
				LastUpgradeCheck = 0730;
				ORGANIZATIONNAME = "Andrew Burford";
				TargetAttributes = {
					4986618D1CD1710700C213D4 = {
						CreatedOnToolsVersion = 7.3;
						DevelopmentTeam = 65W92TM4QJ;
					};
					498661A61CD1710700C213D4 = {
						CreatedOnToolsVersion = 7.3;
						DevelopmentTeam = 65W92TM4QJ;
						TestTargetID = 4986618D1CD1710700C213D4;
					};
					498661B11CD1710700C213D4 = {
						CreatedOnToolsVersion = 7.3;
						DevelopmentTeam = 65W92TM4QJ;
						TestTargetID = 4986618D1CD1710700C213D4;
					};
					498661BA1CD1710700C213D4 = {
						CreatedOnToolsVersion = 7.3;
						DevelopmentTeam = 65W92TM4QJ;
					};
					498661C91CD1710700C213D4 = {
						CreatedOnToolsVersion = 7.3;
						DevelopmentTeam = 65W92TM4QJ;
					};
				};
			};
			buildConfigurationList = 498661891CD1710700C213D4 /* Build configuration list for PBXProject "Logarun" */;
			compatibilityVersion = "Xcode 3.2";
			developmentRegion = English;
			hasScannedForEncodings = 0;
			knownRegions = (
				en,
				Base,
			);
			mainGroup = 498661851CD1710700C213D4;
			productRefGroup = 4986618F1CD1710700C213D4 /* Products */;
			projectDirPath = "";
			projectRoot = "";
			targets = (
				4986618D1CD1710700C213D4 /* Logarun */,
				498661A61CD1710700C213D4 /* LogarunTests */,
				498661B11CD1710700C213D4 /* LogarunUITests */,
				498661BA1CD1710700C213D4 /* Logarun WatchKit App */,
				498661C91CD1710700C213D4 /* Logarun WatchKit Extension */,
			);
		};
/* End PBXProject section */

/* Begin PBXResourcesBuildPhase section */
		4986618C1CD1710700C213D4 /* Resources */ = {
			isa = PBXResourcesBuildPhase;
			buildActionMask = 2147483647;
			files = (
				498661A11CD1710700C213D4 /* LaunchScreen.storyboard in Resources */,
				4986619E1CD1710700C213D4 /* Assets.xcassets in Resources */,
				4986619C1CD1710700C213D4 /* Main.storyboard in Resources */,
			);
			runOnlyForDeploymentPostprocessing = 0;
		};
		498661A51CD1710700C213D4 /* Resources */ = {
			isa = PBXResourcesBuildPhase;
			buildActionMask = 2147483647;
			files = (
			);
			runOnlyForDeploymentPostprocessing = 0;
		};
		498661B01CD1710700C213D4 /* Resources */ = {
			isa = PBXResourcesBuildPhase;
			buildActionMask = 2147483647;
			files = (
			);
			runOnlyForDeploymentPostprocessing = 0;
		};
		498661B91CD1710700C213D4 /* Resources */ = {
			isa = PBXResourcesBuildPhase;
			buildActionMask = 2147483647;
			files = (
				498661C41CD1710700C213D4 /* Assets.xcassets in Resources */,
				498661C21CD1710700C213D4 /* Interface.storyboard in Resources */,
			);
			runOnlyForDeploymentPostprocessing = 0;
		};
		498661C81CD1710700C213D4 /* Resources */ = {
			isa = PBXResourcesBuildPhase;
			buildActionMask = 2147483647;
			files = (
				498661E11CD1710700C213D4 /* Assets.xcassets in Resources */,
			);
			runOnlyForDeploymentPostprocessing = 0;
		};
/* End PBXResourcesBuildPhase section */

/* Begin PBXSourcesBuildPhase section */
		4986618A1CD1710700C213D4 /* Sources */ = {
			isa = PBXSourcesBuildPhase;
			buildActionMask = 2147483647;
			files = (
				498661991CD1710700C213D4 /* ViewController.m in Sources */,
				498661961CD1710700C213D4 /* AppDelegate.m in Sources */,
				498661931CD1710700C213D4 /* main.m in Sources */,
			);
			runOnlyForDeploymentPostprocessing = 0;
		};
		498661A31CD1710700C213D4 /* Sources */ = {
			isa = PBXSourcesBuildPhase;
			buildActionMask = 2147483647;
			files = (
				498661AC1CD1710700C213D4 /* LogarunTests.m in Sources */,
			);
			runOnlyForDeploymentPostprocessing = 0;
		};
		498661AE1CD1710700C213D4 /* Sources */ = {
			isa = PBXSourcesBuildPhase;
			buildActionMask = 2147483647;
			files = (
				498661B71CD1710700C213D4 /* LogarunUITests.m in Sources */,
			);
			runOnlyForDeploymentPostprocessing = 0;
		};
		498661C61CD1710700C213D4 /* Sources */ = {
			isa = PBXSourcesBuildPhase;
			buildActionMask = 2147483647;
			files = (
				498661D61CD1710700C213D4 /* ExtensionDelegate.m in Sources */,
				498661D31CD1710700C213D4 /* InterfaceController.m in Sources */,
				498661D91CD1710700C213D4 /* NotificationController.m in Sources */,
				498661DC1CD1710700C213D4 /* GlanceController.m in Sources */,
				498661DF1CD1710700C213D4 /* ComplicationController.m in Sources */,
			);
			runOnlyForDeploymentPostprocessing = 0;
		};
/* End PBXSourcesBuildPhase section */

/* Begin PBXTargetDependency section */
		498661A91CD1710700C213D4 /* PBXTargetDependency */ = {
			isa = PBXTargetDependency;
			target = 4986618D1CD1710700C213D4 /* Logarun */;
			targetProxy = 498661A81CD1710700C213D4 /* PBXContainerItemProxy */;
		};
		498661B41CD1710700C213D4 /* PBXTargetDependency */ = {
			isa = PBXTargetDependency;
			target = 4986618D1CD1710700C213D4 /* Logarun */;
			targetProxy = 498661B31CD1710700C213D4 /* PBXContainerItemProxy */;
		};
		498661BE1CD1710700C213D4 /* PBXTargetDependency */ = {
			isa = PBXTargetDependency;
			target = 498661BA1CD1710700C213D4 /* Logarun WatchKit App */;
			targetProxy = 498661BD1CD1710700C213D4 /* PBXContainerItemProxy */;
		};
		498661CD1CD1710700C213D4 /* PBXTargetDependency */ = {
			isa = PBXTargetDependency;
			target = 498661C91CD1710700C213D4 /* Logarun WatchKit Extension */;
			targetProxy = 498661CC1CD1710700C213D4 /* PBXContainerItemProxy */;
		};
/* End PBXTargetDependency section */

/* Begin PBXVariantGroup section */
		4986619A1CD1710700C213D4 /* Main.storyboard */ = {
			isa = PBXVariantGroup;
			children = (
				4986619B1CD1710700C213D4 /* Base */,
			);
			name = Main.storyboard;
			sourceTree = "<group>";
		};
		4986619F1CD1710700C213D4 /* LaunchScreen.storyboard */ = {
			isa = PBXVariantGroup;
			children = (
				498661A01CD1710700C213D4 /* Base */,
			);
			name = LaunchScreen.storyboard;
			sourceTree = "<group>";
		};
		498661C01CD1710700C213D4 /* Interface.storyboard */ = {
			isa = PBXVariantGroup;
			children = (
				498661C11CD1710700C213D4 /* Base */,
			);
			name = Interface.storyboard;
			sourceTree = "<group>";
		};
/* End PBXVariantGroup section */

/* Begin XCBuildConfiguration section */
		498661E31CD1710700C213D4 /* Debug */ = {
			isa = XCBuildConfiguration;
			buildSettings = {
				ALWAYS_SEARCH_USER_PATHS = NO;
				CLANG_ANALYZER_NONNULL = YES;
				CLANG_CXX_LANGUAGE_STANDARD = "gnu++0x";
				CLANG_CXX_LIBRARY = "libc++";
				CLANG_ENABLE_MODULES = YES;
				CLANG_ENABLE_OBJC_ARC = YES;
				CLANG_WARN_BOOL_CONVERSION = YES;
				CLANG_WARN_CONSTANT_CONVERSION = YES;
				CLANG_WARN_DIRECT_OBJC_ISA_USAGE = YES_ERROR;
				CLANG_WARN_EMPTY_BODY = YES;
				CLANG_WARN_ENUM_CONVERSION = YES;
				CLANG_WARN_INT_CONVERSION = YES;
				CLANG_WARN_OBJC_ROOT_CLASS = YES_ERROR;
				CLANG_WARN_UNREACHABLE_CODE = YES;
				CLANG_WARN__DUPLICATE_METHOD_MATCH = YES;
				"CODE_SIGN_IDENTITY[sdk=iphoneos*]" = "iPhone Developer";
				COPY_PHASE_STRIP = NO;
				DEBUG_INFORMATION_FORMAT = dwarf;
				ENABLE_STRICT_OBJC_MSGSEND = YES;
				ENABLE_TESTABILITY = YES;
				GCC_C_LANGUAGE_STANDARD = gnu99;
				GCC_DYNAMIC_NO_PIC = NO;
				GCC_NO_COMMON_BLOCKS = YES;
				GCC_OPTIMIZATION_LEVEL = 0;
				GCC_PREPROCESSOR_DEFINITIONS = (
					"DEBUG=1",
					"$(inherited)",
				);
				GCC_WARN_64_TO_32_BIT_CONVERSION = YES;
				GCC_WARN_ABOUT_RETURN_TYPE = YES_ERROR;
				GCC_WARN_UNDECLARED_SELECTOR = YES;
				GCC_WARN_UNINITIALIZED_AUTOS = YES_AGGRESSIVE;
				GCC_WARN_UNUSED_FUNCTION = YES;
				GCC_WARN_UNUSED_VARIABLE = YES;
				IPHONEOS_DEPLOYMENT_TARGET = 9.3;
				MTL_ENABLE_DEBUG_INFO = YES;
				ONLY_ACTIVE_ARCH = YES;
				SDKROOT = iphoneos;
				TARGETED_DEVICE_FAMILY = "1,2";
			};
			name = Debug;
		};
		498661E41CD1710700C213D4 /* Release */ = {
			isa = XCBuildConfiguration;
			buildSettings = {
				ALWAYS_SEARCH_USER_PATHS = NO;
				CLANG_ANALYZER_NONNULL = YES;
				CLANG_CXX_LANGUAGE_STANDARD = "gnu++0x";
				CLANG_CXX_LIBRARY = "libc++";
				CLANG_ENABLE_MODULES = YES;
				CLANG_ENABLE_OBJC_ARC = YES;
				CLANG_WARN_BOOL_CONVERSION = YES;
				CLANG_WARN_CONSTANT_CONVERSION = YES;
				CLANG_WARN_DIRECT_OBJC_ISA_USAGE = YES_ERROR;
				CLANG_WARN_EMPTY_BODY = YES;
				CLANG_WARN_ENUM_CONVERSION = YES;
				CLANG_WARN_INT_CONVERSION = YES;
				CLANG_WARN_OBJC_ROOT_CLASS = YES_ERROR;
				CLANG_WARN_UNREACHABLE_CODE = YES;
				CLANG_WARN__DUPLICATE_METHOD_MATCH = YES;
				"CODE_SIGN_IDENTITY[sdk=iphoneos*]" = "iPhone Developer";
				COPY_PHASE_STRIP = NO;
				DEBUG_INFORMATION_FORMAT = "dwarf-with-dsym";
				ENABLE_NS_ASSERTIONS = NO;
				ENABLE_STRICT_OBJC_MSGSEND = YES;
				GCC_C_LANGUAGE_STANDARD = gnu99;
				GCC_NO_COMMON_BLOCKS = YES;
				GCC_WARN_64_TO_32_BIT_CONVERSION = YES;
				GCC_WARN_ABOUT_RETURN_TYPE = YES_ERROR;
				GCC_WARN_UNDECLARED_SELECTOR = YES;
				GCC_WARN_UNINITIALIZED_AUTOS = YES_AGGRESSIVE;
				GCC_WARN_UNUSED_FUNCTION = YES;
				GCC_WARN_UNUSED_VARIABLE = YES;
				IPHONEOS_DEPLOYMENT_TARGET = 9.3;
				MTL_ENABLE_DEBUG_INFO = NO;
				SDKROOT = iphoneos;
				TARGETED_DEVICE_FAMILY = "1,2";
				VALIDATE_PRODUCT = YES;
			};
			name = Release;
		};
		498661E61CD1710700C213D4 /* Debug */ = {
			isa = XCBuildConfiguration;
			buildSettings = {
				ASSETCATALOG_COMPILER_COMPLICATION_NAME = Complication;
				INFOPLIST_FILE = "Logarun WatchKit Extension/Info.plist";
				LD_RUNPATH_SEARCH_PATHS = "$(inherited) @executable_path/Frameworks @executable_path/../../Frameworks";
				PRODUCT_BUNDLE_IDENTIFIER = com.andrew.Logarun.watchkitapp.watchkitextension;
				PRODUCT_NAME = "${TARGET_NAME}";
				SDKROOT = watchos;
				SKIP_INSTALL = YES;
				TARGETED_DEVICE_FAMILY = 4;
				WATCHOS_DEPLOYMENT_TARGET = 2.2;
			};
			name = Debug;
		};
		498661E71CD1710700C213D4 /* Release */ = {
			isa = XCBuildConfiguration;
			buildSettings = {
				ASSETCATALOG_COMPILER_COMPLICATION_NAME = Complication;
				INFOPLIST_FILE = "Logarun WatchKit Extension/Info.plist";
				LD_RUNPATH_SEARCH_PATHS = "$(inherited) @executable_path/Frameworks @executable_path/../../Frameworks";
				PRODUCT_BUNDLE_IDENTIFIER = com.andrew.Logarun.watchkitapp.watchkitextension;
				PRODUCT_NAME = "${TARGET_NAME}";
				SDKROOT = watchos;
				SKIP_INSTALL = YES;
				TARGETED_DEVICE_FAMILY = 4;
				WATCHOS_DEPLOYMENT_TARGET = 2.2;
			};
			name = Release;
		};
		498661EA1CD1710700C213D4 /* Debug */ = {
			isa = XCBuildConfiguration;
			buildSettings = {
				ASSETCATALOG_COMPILER_APPICON_NAME = AppIcon;
				IBSC_MODULE = Logarun_WatchKit_Extension;
				INFOPLIST_FILE = "Logarun WatchKit App/Info.plist";
				PRODUCT_BUNDLE_IDENTIFIER = com.andrew.Logarun.watchkitapp;
				PRODUCT_NAME = "$(TARGET_NAME)";
				SDKROOT = watchos;
				SKIP_INSTALL = YES;
				TARGETED_DEVICE_FAMILY = 4;
				WATCHOS_DEPLOYMENT_TARGET = 2.2;
			};
			name = Debug;
		};
		498661EB1CD1710700C213D4 /* Release */ = {
			isa = XCBuildConfiguration;
			buildSettings = {
				ASSETCATALOG_COMPILER_APPICON_NAME = AppIcon;
				IBSC_MODULE = Logarun_WatchKit_Extension;
				INFOPLIST_FILE = "Logarun WatchKit App/Info.plist";
				PRODUCT_BUNDLE_IDENTIFIER = com.andrew.Logarun.watchkitapp;
				PRODUCT_NAME = "$(TARGET_NAME)";
				SDKROOT = watchos;
				SKIP_INSTALL = YES;
				TARGETED_DEVICE_FAMILY = 4;
				WATCHOS_DEPLOYMENT_TARGET = 2.2;
			};
			name = Release;
		};
		498661EE1CD1710700C213D4 /* Debug */ = {
			isa = XCBuildConfiguration;
			buildSettings = {
				ASSETCATALOG_COMPILER_APPICON_NAME = AppIcon;
				INFOPLIST_FILE = Logarun/Info.plist;
				LD_RUNPATH_SEARCH_PATHS = "$(inherited) @executable_path/Frameworks";
				PRODUCT_BUNDLE_IDENTIFIER = com.andrew.Logarun;
				PRODUCT_NAME = "$(TARGET_NAME)";
			};
			name = Debug;
		};
		498661EF1CD1710700C213D4 /* Release */ = {
			isa = XCBuildConfiguration;
			buildSettings = {
				ASSETCATALOG_COMPILER_APPICON_NAME = AppIcon;
				INFOPLIST_FILE = Logarun/Info.plist;
				LD_RUNPATH_SEARCH_PATHS = "$(inherited) @executable_path/Frameworks";
				PRODUCT_BUNDLE_IDENTIFIER = com.andrew.Logarun;
				PRODUCT_NAME = "$(TARGET_NAME)";
			};
			name = Release;
		};
		498661F11CD1710700C213D4 /* Debug */ = {
			isa = XCBuildConfiguration;
			buildSettings = {
				BUNDLE_LOADER = "$(TEST_HOST)";
				INFOPLIST_FILE = LogarunTests/Info.plist;
				LD_RUNPATH_SEARCH_PATHS = "$(inherited) @executable_path/Frameworks @loader_path/Frameworks";
				PRODUCT_BUNDLE_IDENTIFIER = com.andrew.LogarunTests;
				PRODUCT_NAME = "$(TARGET_NAME)";
				TEST_HOST = "$(BUILT_PRODUCTS_DIR)/Logarun.app/Logarun";
			};
			name = Debug;
		};
		498661F21CD1710700C213D4 /* Release */ = {
			isa = XCBuildConfiguration;
			buildSettings = {
				BUNDLE_LOADER = "$(TEST_HOST)";
				INFOPLIST_FILE = LogarunTests/Info.plist;
				LD_RUNPATH_SEARCH_PATHS = "$(inherited) @executable_path/Frameworks @loader_path/Frameworks";
				PRODUCT_BUNDLE_IDENTIFIER = com.andrew.LogarunTests;
				PRODUCT_NAME = "$(TARGET_NAME)";
				TEST_HOST = "$(BUILT_PRODUCTS_DIR)/Logarun.app/Logarun";
			};
			name = Release;
		};
		498661F41CD1710700C213D4 /* Debug */ = {
			isa = XCBuildConfiguration;
			buildSettings = {
				INFOPLIST_FILE = LogarunUITests/Info.plist;
				LD_RUNPATH_SEARCH_PATHS = "$(inherited) @executable_path/Frameworks @loader_path/Frameworks";
				PRODUCT_BUNDLE_IDENTIFIER = com.andrew.LogarunUITests;
				PRODUCT_NAME = "$(TARGET_NAME)";
				TEST_TARGET_NAME = Logarun;
			};
			name = Debug;
		};
		498661F51CD1710700C213D4 /* Release */ = {
			isa = XCBuildConfiguration;
			buildSettings = {
				INFOPLIST_FILE = LogarunUITests/Info.plist;
				LD_RUNPATH_SEARCH_PATHS = "$(inherited) @executable_path/Frameworks @loader_path/Frameworks";
				PRODUCT_BUNDLE_IDENTIFIER = com.andrew.LogarunUITests;
				PRODUCT_NAME = "$(TARGET_NAME)";
				TEST_TARGET_NAME = Logarun;
			};
			name = Release;
		};
/* End XCBuildConfiguration section */

/* Begin XCConfigurationList section */
		498661891CD1710700C213D4 /* Build configuration list for PBXProject "Logarun" */ = {
			isa = XCConfigurationList;
			buildConfigurations = (
				498661E31CD1710700C213D4 /* Debug */,
				498661E41CD1710700C213D4 /* Release */,
			);
			defaultConfigurationIsVisible = 0;
			defaultConfigurationName = Release;
		};
		498661E51CD1710700C213D4 /* Build configuration list for PBXNativeTarget "Logarun WatchKit Extension" */ = {
			isa = XCConfigurationList;
			buildConfigurations = (
				498661E61CD1710700C213D4 /* Debug */,
				498661E71CD1710700C213D4 /* Release */,
			);
			defaultConfigurationIsVisible = 0;
		};
		498661E91CD1710700C213D4 /* Build configuration list for PBXNativeTarget "Logarun WatchKit App" */ = {
			isa = XCConfigurationList;
			buildConfigurations = (
				498661EA1CD1710700C213D4 /* Debug */,
				498661EB1CD1710700C213D4 /* Release */,
			);
			defaultConfigurationIsVisible = 0;
		};
		498661ED1CD1710700C213D4 /* Build configuration list for PBXNativeTarget "Logarun" */ = {
			isa = XCConfigurationList;
			buildConfigurations = (
				498661EE1CD1710700C213D4 /* Debug */,
				498661EF1CD1710700C213D4 /* Release */,
			);
			defaultConfigurationIsVisible = 0;
		};
		498661F01CD1710700C213D4 /* Build configuration list for PBXNativeTarget "LogarunTests" */ = {
			isa = XCConfigurationList;
			buildConfigurations = (
				498661F11CD1710700C213D4 /* Debug */,
				498661F21CD1710700C213D4 /* Release */,
			);
			defaultConfigurationIsVisible = 0;
		};
		498661F31CD1710700C213D4 /* Build configuration list for PBXNativeTarget "LogarunUITests" */ = {
			isa = XCConfigurationList;
			buildConfigurations = (
				498661F41CD1710700C213D4 /* Debug */,
				498661F51CD1710700C213D4 /* Release */,
			);
			defaultConfigurationIsVisible = 0;
		};
/* End XCConfigurationList section */
	};
	rootObject = 498661861CD1710700C213D4 /* Project object */;
}
